
Microsoft Visual Studio Solution File, Format Version 12.00
# Visual Studio Version 17
VisualStudioVersion = 17.1.32414.318
MinimumVisualStudioVersion = 10.0.40219.1
Project("{FAE04EC0-301F-11D3-BF4B-00C04F79EFBC}") = "PR3_", "PR3_\PR3_.csproj", "{1C581FBD-8E50-4114-AEFB-D9065AEC22C8}"
EndProject
Global
	GlobalSection(SolutionConfigurationPlatforms) = preSolution
		Debug|Any CPU = Debug|Any CPU
		Release|Any CPU = Release|Any CPU
	EndGlobalSection
	GlobalSection(ProjectConfigurationPlatforms) = postSolution
		{1C581FBD-8E50-4114-AEFB-D9065AEC22C8}.Debug|Any CPU.ActiveCfg = Debug|Any CPU
		{1C581FBD-8E50-4114-AEFB-D9065AEC22C8}.Debug|Any CPU.Build.0 = Debug|Any CPU
		{1C581FBD-8E50-4114-AEFB-D9065AEC22C8}.Release|Any CPU.ActiveCfg = Release|Any CPU
		{1C581FBD-8E50-4114-AEFB-D9065AEC22C8}.Release|Any CPU.Build.0 = Release|Any CPU
	EndGlobalSection
	GlobalSection(SolutionProperties) = preSolution
		HideSolutionNode = FALSE
	EndGlobalSection
	GlobalSection(ExtensibilityGlobals) = postSolution
		SolutionGuid = {CF3D0687-1D84-4BA1-A6C0-85E51F906877}
	EndGlobalSection
EndGlobal
