
Microsoft Visual Studio Solution File, Format Version 12.00
# Visual Studio Version 17
VisualStudioVersion = 17.2.32630.192
MinimumVisualStudioVersion = 10.0.40219.1
Project("{FAE04EC0-301F-11D3-BF4B-00C04F79EFBC}") = "mstudz-5", "mstudz-5\mstudz-5.csproj", "{D28F1782-82E8-477D-BCE7-C4653F1512FC}"
EndProject
Project("{FAE04EC0-301F-11D3-BF4B-00C04F79EFBC}") = "LabsLibrary", "LabsLibrary\LabsLibrary.csproj", "{449A7B66-1BFA-453B-9146-80785766D83E}"
EndProject
Global
	GlobalSection(SolutionConfigurationPlatforms) = preSolution
		Debug|Any CPU = Debug|Any CPU
		Release|Any CPU = Release|Any CPU
	EndGlobalSection
	GlobalSection(ProjectConfigurationPlatforms) = postSolution
		{D28F1782-82E8-477D-BCE7-C4653F1512FC}.Debug|Any CPU.ActiveCfg = Debug|Any CPU
		{D28F1782-82E8-477D-BCE7-C4653F1512FC}.Debug|Any CPU.Build.0 = Debug|Any CPU
		{D28F1782-82E8-477D-BCE7-C4653F1512FC}.Release|Any CPU.ActiveCfg = Release|Any CPU
		{D28F1782-82E8-477D-BCE7-C4653F1512FC}.Release|Any CPU.Build.0 = Release|Any CPU
		{449A7B66-1BFA-453B-9146-80785766D83E}.Debug|Any CPU.ActiveCfg = Debug|Any CPU
		{449A7B66-1BFA-453B-9146-80785766D83E}.Debug|Any CPU.Build.0 = Debug|Any CPU
		{449A7B66-1BFA-453B-9146-80785766D83E}.Release|Any CPU.ActiveCfg = Release|Any CPU
		{449A7B66-1BFA-453B-9146-80785766D83E}.Release|Any CPU.Build.0 = Release|Any CPU
	EndGlobalSection
	GlobalSection(SolutionProperties) = preSolution
		HideSolutionNode = FALSE
	EndGlobalSection
	GlobalSection(ExtensibilityGlobals) = postSolution
		SolutionGuid = {43AC5B11-A003-480A-8787-2AF61AACD7C4}
	EndGlobalSection
EndGlobal
